
Microsoft Visual Studio Solution File, Format Version 12.00
# Visual Studio 15
VisualStudioVersion = 15.0.28010.2026
MinimumVisualStudioVersion = 10.0.40219.1
Project("{FAE04EC0-301F-11D3-BF4B-00C04F79EFBC}") = "BIT706_A2", "..\..\BIT706A2\BIT706_A2\Home\BIT706_A2.csproj", "{4660EFAB-69EA-4473-8CAC-04D912079877}"
EndProject
Project("{FAE04EC0-301F-11D3-BF4B-00C04F79EFBC}") = "RequirementsTests", "..\..\BIT706A2\BIT706_A2\UnitTestProject1\RequirementsTests.csproj", "{9CC6122F-81EE-43D7-99D0-DB97A902B03A}"
EndProject
Global
	GlobalSection(SolutionConfigurationPlatforms) = preSolution
		Debug|Any CPU = Debug|Any CPU
		Release|Any CPU = Release|Any CPU
	EndGlobalSection
	GlobalSection(ProjectConfigurationPlatforms) = postSolution
		{4660EFAB-69EA-4473-8CAC-04D912079877}.Debug|Any CPU.ActiveCfg = Debug|Any CPU
		{4660EFAB-69EA-4473-8CAC-04D912079877}.Debug|Any CPU.Build.0 = Debug|Any CPU
		{4660EFAB-69EA-4473-8CAC-04D912079877}.Release|Any CPU.ActiveCfg = Release|Any CPU
		{4660EFAB-69EA-4473-8CAC-04D912079877}.Release|Any CPU.Build.0 = Release|Any CPU
		{9CC6122F-81EE-43D7-99D0-DB97A902B03A}.Debug|Any CPU.ActiveCfg = Debug|Any CPU
		{9CC6122F-81EE-43D7-99D0-DB97A902B03A}.Debug|Any CPU.Build.0 = Debug|Any CPU
		{9CC6122F-81EE-43D7-99D0-DB97A902B03A}.Release|Any CPU.ActiveCfg = Release|Any CPU
		{9CC6122F-81EE-43D7-99D0-DB97A902B03A}.Release|Any CPU.Build.0 = Release|Any CPU
	EndGlobalSection
	GlobalSection(SolutionProperties) = preSolution
		HideSolutionNode = FALSE
	EndGlobalSection
	GlobalSection(ExtensibilityGlobals) = postSolution
		SolutionGuid = {3691F860-A164-47A4-BB58-5E647A19B9B1}
	EndGlobalSection
EndGlobal
